{
  "name": "alkkagi-physics-prototype",
  "version": "0.1.0",
  "lockfileVersion": 3,
  "requires": true,
  "packages": {
    "": {
      "name": "alkkagi-physics-prototype",
      "version": "0.1.0",
      "dependencies": {
        "planck": "^1.4.2"
      }
    },
    "node_modules/planck": {
      "version": "1.4.2",
      "resolved": "https://registry.npmjs.org/planck/-/planck-1.4.2.tgz",
      "integrity": "sha512-mNbhnV3g8X2rwGxzcesjmN8BDA6qfXgQxXVMkWau9MCRlQY0RLNEkyHlVp6yFy/X6qrzAXyNONCnZ1cGDLrNew==",
      "license": "MIT",
      "engines": {
        "node": ">=14.0"
      },
      "peerDependencies": {
        "stage-js": "^1.0.0-alpha.12"
      }
    },
    "node_modules/stage-js": {
      "version": "1.0.1",
      "resolved": "https://registry.npmjs.org/stage-js/-/stage-js-1.0.1.tgz",
      "integrity": "sha512-cz14aPp/wY0s3bkb/B93BPP5ZAEhgBbRmAT3CCDqert8eCAqIpQ0RB2zpK8Ksxf+Pisl5oTzvPHtL4CVzzeHcw==",
      "license": "MIT",
      "peer": true,
      "engines": {
        "node": ">=18.0"
      }
    }
  }
}
